// !$*UTF8*$!
{
	archiveVersion = 1;
	classes = {
	};
	objectVersion = 77;
	objects = {

/* Begin PBXBuildFile section */
		200F37AC2DD009C8009290F6 /* README.md in Resources */ = {isa = PBXBuildFile; fileRef = 200F37AB2DD009C0009290F6 /* README.md */; };
/* End PBXBuildFile section */

/* Begin PBXContainerItemProxy section */
		200F37262DCF98FB009290F6 /* PBXContainerItemProxy */ = {
			isa = PBXContainerItemProxy;
			containerPortal = 200F37072DCF98FA009290F6 /* Project object */;
			proxyType = 1;
			remoteGlobalIDString = 200F370E2DCF98FA009290F6;
			remoteInfo = BankApp;
		};
		200F37302DCF98FB009290F6 /* PBXContainerItemProxy */ = {
			isa = PBXContainerItemProxy;
			containerPortal = 200F37072DCF98FA009290F6 /* Project object */;
			proxyType = 1;
			remoteGlobalIDString = 200F370E2DCF98FA009290F6;
			remoteInfo = BankApp;
		};
/* End PBXContainerItemProxy section */

/* Begin PBXFileReference section */
		200F370F2DCF98FA009290F6 /* BankApp.app */ = {isa = PBXFileReference; explicitFileType = wrapper.application; includeInIndex = 0; path = BankApp.app; sourceTree = BUILT_PRODUCTS_DIR; };
		200F37252DCF98FB009290F6 /* BankAppTests.xctest */ = {isa = PBXFileReference; explicitFileType = wrapper.cfbundle; includeInIndex = 0; path = BankAppTests.xctest; sourceTree = BUILT_PRODUCTS_DIR; };
		200F372F2DCF98FB009290F6 /* BankAppUITests.xctest */ = {isa = PBXFileReference; explicitFileType = wrapper.cfbundle; includeInIndex = 0; path = BankAppUITests.xctest; sourceTree = BUILT_PRODUCTS_DIR; };
		200F37AB2DD009C0009290F6 /* README.md */ = {isa = PBXFileReference; lastKnownFileType = net.daringfireball.markdown; path = README.md; sourceTree = "<group>"; };
/* End PBXFileReference section */

/* Begin PBXFileSystemSynchronizedBuildFileExceptionSet section */
		200F37372DCF98FB009290F6 /* Exceptions for "BankApp" folder in "BankApp" target */ = {
			isa = PBXFileSystemSynchronizedBuildFileExceptionSet;
			membershipExceptions = (
				Info.plist,
			);
			target = 200F370E2DCF98FA009290F6 /* BankApp */;
		};
/* End PBXFileSystemSynchronizedBuildFileExceptionSet section */

/* Begin PBXFileSystemSynchronizedRootGroup section */
		200F37112DCF98FA009290F6 /* BankApp */ = {
			isa = PBXFileSystemSynchronizedRootGroup;
			exceptions = (
				200F37372DCF98FB009290F6 /* Exceptions for "BankApp" folder in "BankApp" target */,
			);
			path = BankApp;
			sourceTree = "<group>";
		};
		200F37282DCF98FB009290F6 /* BankAppTests */ = {
			isa = PBXFileSystemSynchronizedRootGroup;
			path = BankAppTests;
			sourceTree = "<group>";
		};
		200F37322DCF98FB009290F6 /* BankAppUITests */ = {
			isa = PBXFileSystemSynchronizedRootGroup;
			path = BankAppUITests;
			sourceTree = "<group>";
		};
/* End PBXFileSystemSynchronizedRootGroup section */

/* Begin PBXFrameworksBuildPhase section */
		200F370C2DCF98FA009290F6 /* Frameworks */ = {
			isa = PBXFrameworksBuildPhase;
			buildActionMask = 2147483647;
			files = (
			);
			runOnlyForDeploymentPostprocessing = 0;
		};
		200F37222DCF98FB009290F6 /* Frameworks */ = {
			isa = PBXFrameworksBuildPhase;
			buildActionMask = 2147483647;
			files = (
			);
			runOnlyForDeploymentPostprocessing = 0;
		};
		200F372C2DCF98FB009290F6 /* Frameworks */ = {
			isa = PBXFrameworksBuildPhase;
			buildActionMask = 2147483647;
			files = (
			);
			runOnlyForDeploymentPostprocessing = 0;
		};
/* End PBXFrameworksBuildPhase section */

/* Begin PBXGroup section */
		200F37062DCF98FA009290F6 = {
			isa = PBXGroup;
			children = (
				200F37AB2DD009C0009290F6 /* README.md */,
				200F37112DCF98FA009290F6 /* BankApp */,
				200F37282DCF98FB009290F6 /* BankAppTests */,
				200F37322DCF98FB009290F6 /* BankAppUITests */,
				200F37102DCF98FA009290F6 /* Products */,
			);
			sourceTree = "<group>";
		};
		200F37102DCF98FA009290F6 /* Products */ = {
			isa = PBXGroup;
			children = (
				200F370F2DCF98FA009290F6 /* BankApp.app */,
				200F37252DCF98FB009290F6 /* BankAppTests.xctest */,
				200F372F2DCF98FB009290F6 /* BankAppUITests.xctest */,
			);
			name = Products;
			sourceTree = "<group>";
		};
/* End PBXGroup section */

/* Begin PBXNativeTarget section */
		200F370E2DCF98FA009290F6 /* BankApp */ = {
			isa = PBXNativeTarget;
			buildConfigurationList = 200F37382DCF98FB009290F6 /* Build configuration list for PBXNativeTarget "BankApp" */;
			buildPhases = (
				200F370B2DCF98FA009290F6 /* Sources */,
				200F370C2DCF98FA009290F6 /* Frameworks */,
				200F370D2DCF98FA009290F6 /* Resources */,
			);
			buildRules = (
			);
			dependencies = (
			);
			fileSystemSynchronizedGroups = (
				200F37112DCF98FA009290F6 /* BankApp */,
			);
			name = BankApp;
			packageProductDependencies = (
			);
			productName = BankApp;
			productReference = 200F370F2DCF98FA009290F6 /* BankApp.app */;
			productType = "com.apple.product-type.application";
		};
		200F37242DCF98FB009290F6 /* BankAppTests */ = {
			isa = PBXNativeTarget;
			buildConfigurationList = 200F373D2DCF98FB009290F6 /* Build configuration list for PBXNativeTarget "BankAppTests" */;
			buildPhases = (
				200F37212DCF98FB009290F6 /* Sources */,
				200F37222DCF98FB009290F6 /* Frameworks */,
				200F37232DCF98FB009290F6 /* Resources */,
			);
			buildRules = (
			);
			dependencies = (
				200F37272DCF98FB009290F6 /* PBXTargetDependency */,
			);
			fileSystemSynchronizedGroups = (
				200F37282DCF98FB009290F6 /* BankAppTests */,
			);
			name = BankAppTests;
			packageProductDependencies = (
			);
			productName = BankAppTests;
			productReference = 200F37252DCF98FB009290F6 /* BankAppTests.xctest */;
			productType = "com.apple.product-type.bundle.unit-test";
		};
		200F372E2DCF98FB009290F6 /* BankAppUITests */ = {
			isa = PBXNativeTarget;
			buildConfigurationList = 200F37402DCF98FB009290F6 /* Build configuration list for PBXNativeTarget "BankAppUITests" */;
			buildPhases = (
				200F372B2DCF98FB009290F6 /* Sources */,
				200F372C2DCF98FB009290F6 /* Frameworks */,
				200F372D2DCF98FB009290F6 /* Resources */,
			);
			buildRules = (
			);
			dependencies = (
				200F37312DCF98FB009290F6 /* PBXTargetDependency */,
			);
			fileSystemSynchronizedGroups = (
				200F37322DCF98FB009290F6 /* BankAppUITests */,
			);
			name = BankAppUITests;
			packageProductDependencies = (
			);
			productName = BankAppUITests;
			productReference = 200F372F2DCF98FB009290F6 /* BankAppUITests.xctest */;
			productType = "com.apple.product-type.bundle.ui-testing";
		};
/* End PBXNativeTarget section */

/* Begin PBXProject section */
		200F37072DCF98FA009290F6 /* Project object */ = {
			isa = PBXProject;
			attributes = {
				BuildIndependentTargetsInParallel = 1;
				LastSwiftUpdateCheck = 1620;
				LastUpgradeCheck = 1620;
				TargetAttributes = {
					200F370E2DCF98FA009290F6 = {
						CreatedOnToolsVersion = 16.2;
					};
					200F37242DCF98FB009290F6 = {
						CreatedOnToolsVersion = 16.2;
						TestTargetID = 200F370E2DCF98FA009290F6;
					};
					200F372E2DCF98FB009290F6 = {
						CreatedOnToolsVersion = 16.2;
						TestTargetID = 200F370E2DCF98FA009290F6;
					};
				};
			};
			buildConfigurationList = 200F370A2DCF98FA009290F6 /* Build configuration list for PBXProject "BankApp" */;
			developmentRegion = en;
			hasScannedForEncodings = 0;
			knownRegions = (
				en,
				Base,
			);
			mainGroup = 200F37062DCF98FA009290F6;
			minimizedProjectReferenceProxies = 1;
			preferredProjectObjectVersion = 77;
			productRefGroup = 200F37102DCF98FA009290F6 /* Products */;
			projectDirPath = "";
			projectRoot = "";
			targets = (
				200F370E2DCF98FA009290F6 /* BankApp */,
				200F37242DCF98FB009290F6 /* BankAppTests */,
				200F372E2DCF98FB009290F6 /* BankAppUITests */,
			);
		};
/* End PBXProject section */

/* Begin PBXResourcesBuildPhase section */
		200F370D2DCF98FA009290F6 /* Resources */ = {
			isa = PBXResourcesBuildPhase;
			buildActionMask = 2147483647;
			files = (
				200F37AC2DD009C8009290F6 /* README.md in Resources */,
			);
			runOnlyForDeploymentPostprocessing = 0;
		};
		200F37232DCF98FB009290F6 /* Resources */ = {
			isa = PBXResourcesBuildPhase;
			buildActionMask = 2147483647;
			files = (
			);
			runOnlyForDeploymentPostprocessing = 0;
		};
		200F372D2DCF98FB009290F6 /* Resources */ = {
			isa = PBXResourcesBuildPhase;
			buildActionMask = 2147483647;
			files = (
			);
			runOnlyForDeploymentPostprocessing = 0;
		};
/* End PBXResourcesBuildPhase section */

/* Begin PBXSourcesBuildPhase section */
		200F370B2DCF98FA009290F6 /* Sources */ = {
			isa = PBXSourcesBuildPhase;
			buildActionMask = 2147483647;
			files = (
			);
			runOnlyForDeploymentPostprocessing = 0;
		};
		200F37212DCF98FB009290F6 /* Sources */ = {
			isa = PBXSourcesBuildPhase;
			buildActionMask = 2147483647;
			files = (
			);
			runOnlyForDeploymentPostprocessing = 0;
		};
		200F372B2DCF98FB009290F6 /* Sources */ = {
			isa = PBXSourcesBuildPhase;
			buildActionMask = 2147483647;
			files = (
			);
			runOnlyForDeploymentPostprocessing = 0;
		};
/* End PBXSourcesBuildPhase section */

/* Begin PBXTargetDependency section */
		200F37272DCF98FB009290F6 /* PBXTargetDependency */ = {
			isa = PBXTargetDependency;
			target = 200F370E2DCF98FA009290F6 /* BankApp */;
			targetProxy = 200F37262DCF98FB009290F6 /* PBXContainerItemProxy */;
		};
		200F37312DCF98FB009290F6 /* PBXTargetDependency */ = {
			isa = PBXTargetDependency;
			target = 200F370E2DCF98FA009290F6 /* BankApp */;
			targetProxy = 200F37302DCF98FB009290F6 /* PBXContainerItemProxy */;
		};
/* End PBXTargetDependency section */

/* Begin XCBuildConfiguration section */
		200F37392DCF98FB009290F6 /* Debug */ = {
			isa = XCBuildConfiguration;
			buildSettings = {
				ASSETCATALOG_COMPILER_APPICON_NAME = AppIcon;
				ASSETCATALOG_COMPILER_GLOBAL_ACCENT_COLOR_NAME = AccentColor;
				CODE_SIGN_STYLE = Automatic;
				CURRENT_PROJECT_VERSION = 1;
				GENERATE_INFOPLIST_FILE = YES;
				INFOPLIST_FILE = BankApp/Info.plist;
				INFOPLIST_KEY_UIApplicationSupportsIndirectInputEvents = YES;
				INFOPLIST_KEY_UILaunchStoryboardName = LaunchScreen;
				INFOPLIST_KEY_UIMainStoryboardFile = "";
				INFOPLIST_KEY_UISupportedInterfaceOrientations_iPad = "UIInterfaceOrientationPortrait UIInterfaceOrientationPortraitUpsideDown UIInterfaceOrientationLandscapeLeft UIInterfaceOrientationLandscapeRight";
				INFOPLIST_KEY_UISupportedInterfaceOrientations_iPhone = "UIInterfaceOrientationPortrait UIInterfaceOrientationLandscapeLeft UIInterfaceOrientationLandscapeRight";
				LD_RUNPATH_SEARCH_PATHS = (
					"$(inherited)",
					"@executable_path/Frameworks",
				);
				MARKETING_VERSION = 1.0;
				PRODUCT_BUNDLE_IDENTIFIER = ru.hodzhakhov.BankApp;
				PRODUCT_NAME = "$(TARGET_NAME)";
				SWIFT_EMIT_LOC_STRINGS = YES;
				SWIFT_VERSION = 5.0;
				TARGETED_DEVICE_FAMILY = "1,2";
			};
			name = Debug;
		};
		200F373A2DCF98FB009290F6 /* Release */ = {
			isa = XCBuildConfiguration;
			buildSettings = {
				ASSETCATALOG_COMPILER_APPICON_NAME = AppIcon;
				ASSETCATALOG_COMPILER_GLOBAL_ACCENT_COLOR_NAME = AccentColor;
				CODE_SIGN_STYLE = Automatic;
				CURRENT_PROJECT_VERSION = 1;
				GENERATE_INFOPLIST_FILE = YES;
				INFOPLIST_FILE = BankApp/Info.plist;
				INFOPLIST_KEY_UIApplicationSupportsIndirectInputEvents = YES;
				INFOPLIST_KEY_UILaunchStoryboardName = LaunchScreen;
				INFOPLIST_KEY_UIMainStoryboardFile = "";
				INFOPLIST_KEY_UISupportedInterfaceOrientations_iPad = "UIInterfaceOrientationPortrait UIInterfaceOrientationPortraitUpsideDown UIInterfaceOrientationLandscapeLeft UIInterfaceOrientationLandscapeRight";
				INFOPLIST_KEY_UISupportedInterfaceOrientations_iPhone = "UIInterfaceOrientationPortrait UIInterfaceOrientationLandscapeLeft UIInterfaceOrientationLandscapeRight";
				LD_RUNPATH_SEARCH_PATHS = (
					"$(inherited)",
					"@executable_path/Frameworks",
				);
				MARKETING_VERSION = 1.0;
				PRODUCT_BUNDLE_IDENTIFIER = ru.hodzhakhov.BankApp;
				PRODUCT_NAME = "$(TARGET_NAME)";
				SWIFT_EMIT_LOC_STRINGS = YES;
				SWIFT_VERSION = 5.0;
				TARGETED_DEVICE_FAMILY = "1,2";
			};
			name = Release;
		};
		200F373B2DCF98FB009290F6 /* Debug */ = {
			isa = XCBuildConfiguration;
			buildSettings = {
				ALWAYS_SEARCH_USER_PATHS = NO;
				ASSETCATALOG_COMPILER_GENERATE_SWIFT_ASSET_SYMBOL_EXTENSIONS = YES;
				CLANG_ANALYZER_NONNULL = YES;
				CLANG_ANALYZER_NUMBER_OBJECT_CONVERSION = YES_AGGRESSIVE;
				CLANG_CXX_LANGUAGE_STANDARD = "gnu++20";
				CLANG_ENABLE_MODULES = YES;
				CLANG_ENABLE_OBJC_ARC = YES;
				CLANG_ENABLE_OBJC_WEAK = YES;
				CLANG_WARN_BLOCK_CAPTURE_AUTORELEASING = YES;
				CLANG_WARN_BOOL_CONVERSION = YES;
				CLANG_WARN_COMMA = YES;
				CLANG_WARN_CONSTANT_CONVERSION = YES;
				CLANG_WARN_DEPRECATED_OBJC_IMPLEMENTATIONS = YES;
				CLANG_WARN_DIRECT_OBJC_ISA_USAGE = YES_ERROR;
				CLANG_WARN_DOCUMENTATION_COMMENTS = YES;
				CLANG_WARN_EMPTY_BODY = YES;
				CLANG_WARN_ENUM_CONVERSION = YES;
				CLANG_WARN_INFINITE_RECURSION = YES;
				CLANG_WARN_INT_CONVERSION = YES;
				CLANG_WARN_NON_LITERAL_NULL_CONVERSION = YES;
				CLANG_WARN_OBJC_IMPLICIT_RETAIN_SELF = YES;
				CLANG_WARN_OBJC_LITERAL_CONVERSION = YES;
				CLANG_WARN_OBJC_ROOT_CLASS = YES_ERROR;
				CLANG_WARN_QUOTED_INCLUDE_IN_FRAMEWORK_HEADER = YES;
				CLANG_WARN_RANGE_LOOP_ANALYSIS = YES;
				CLANG_WARN_STRICT_PROTOTYPES = YES;
				CLANG_WARN_SUSPICIOUS_MOVE = YES;
				CLANG_WARN_UNGUARDED_AVAILABILITY = YES_AGGRESSIVE;
				CLANG_WARN_UNREACHABLE_CODE = YES;
				CLANG_WARN__DUPLICATE_METHOD_MATCH = YES;
				COPY_PHASE_STRIP = NO;
				DEBUG_INFORMATION_FORMAT = dwarf;
				ENABLE_STRICT_OBJC_MSGSEND = YES;
				ENABLE_TESTABILITY = YES;
				ENABLE_USER_SCRIPT_SANDBOXING = YES;
				GCC_C_LANGUAGE_STANDARD = gnu17;
				GCC_DYNAMIC_NO_PIC = NO;
				GCC_NO_COMMON_BLOCKS = YES;
				GCC_OPTIMIZATION_LEVEL = 0;
				GCC_PREPROCESSOR_DEFINITIONS = (
					"DEBUG=1",
					"$(inherited)",
				);
				GCC_WARN_64_TO_32_BIT_CONVERSION = YES;
				GCC_WARN_ABOUT_RETURN_TYPE = YES_ERROR;
				GCC_WARN_UNDECLARED_SELECTOR = YES;
				GCC_WARN_UNINITIALIZED_AUTOS = YES_AGGRESSIVE;
				GCC_WARN_UNUSED_FUNCTION = YES;
				GCC_WARN_UNUSED_VARIABLE = YES;
				IPHONEOS_DEPLOYMENT_TARGET = 18.2;
				LOCALIZATION_PREFERS_STRING_CATALOGS = YES;
				MTL_ENABLE_DEBUG_INFO = INCLUDE_SOURCE;
				MTL_FAST_MATH = YES;
				ONLY_ACTIVE_ARCH = YES;
				SDKROOT = iphoneos;
				SWIFT_ACTIVE_COMPILATION_CONDITIONS = "DEBUG $(inherited)";
				SWIFT_OPTIMIZATION_LEVEL = "-Onone";
			};
			name = Debug;
		};
		200F373C2DCF98FB009290F6 /* Release */ = {
			isa = XCBuildConfiguration;
			buildSettings = {
				ALWAYS_SEARCH_USER_PATHS = NO;
				ASSETCATALOG_COMPILER_GENERATE_SWIFT_ASSET_SYMBOL_EXTENSIONS = YES;
				CLANG_ANALYZER_NONNULL = YES;
				CLANG_ANALYZER_NUMBER_OBJECT_CONVERSION = YES_AGGRESSIVE;
				CLANG_CXX_LANGUAGE_STANDARD = "gnu++20";
				CLANG_ENABLE_MODULES = YES;
				CLANG_ENABLE_OBJC_ARC = YES;
				CLANG_ENABLE_OBJC_WEAK = YES;
				CLANG_WARN_BLOCK_CAPTURE_AUTORELEASING = YES;
				CLANG_WARN_BOOL_CONVERSION = YES;
				CLANG_WARN_COMMA = YES;
				CLANG_WARN_CONSTANT_CONVERSION = YES;
				CLANG_WARN_DEPRECATED_OBJC_IMPLEMENTATIONS = YES;
				CLANG_WARN_DIRECT_OBJC_ISA_USAGE = YES_ERROR;
				CLANG_WARN_DOCUMENTATION_COMMENTS = YES;
				CLANG_WARN_EMPTY_BODY = YES;
				CLANG_WARN_ENUM_CONVERSION = YES;
				CLANG_WARN_INFINITE_RECURSION = YES;
				CLANG_WARN_INT_CONVERSION = YES;
				CLANG_WARN_NON_LITERAL_NULL_CONVERSION = YES;
				CLANG_WARN_OBJC_IMPLICIT_RETAIN_SELF = YES;
				CLANG_WARN_OBJC_LITERAL_CONVERSION = YES;
				CLANG_WARN_OBJC_ROOT_CLASS = YES_ERROR;
				CLANG_WARN_QUOTED_INCLUDE_IN_FRAMEWORK_HEADER = YES;
				CLANG_WARN_RANGE_LOOP_ANALYSIS = YES;
				CLANG_WARN_STRICT_PROTOTYPES = YES;
				CLANG_WARN_SUSPICIOUS_MOVE = YES;
				CLANG_WARN_UNGUARDED_AVAILABILITY = YES_AGGRESSIVE;
				CLANG_WARN_UNREACHABLE_CODE = YES;
				CLANG_WARN__DUPLICATE_METHOD_MATCH = YES;
				COPY_PHASE_STRIP = NO;
				DEBUG_INFORMATION_FORMAT = "dwarf-with-dsym";
				ENABLE_NS_ASSERTIONS = NO;
				ENABLE_STRICT_OBJC_MSGSEND = YES;
				ENABLE_USER_SCRIPT_SANDBOXING = YES;
				GCC_C_LANGUAGE_STANDARD = gnu17;
				GCC_NO_COMMON_BLOCKS = YES;
				GCC_WARN_64_TO_32_BIT_CONVERSION = YES;
				GCC_WARN_ABOUT_RETURN_TYPE = YES_ERROR;
				GCC_WARN_UNDECLARED_SELECTOR = YES;
				GCC_WARN_UNINITIALIZED_AUTOS = YES_AGGRESSIVE;
				GCC_WARN_UNUSED_FUNCTION = YES;
				GCC_WARN_UNUSED_VARIABLE = YES;
				IPHONEOS_DEPLOYMENT_TARGET = 18.2;
				LOCALIZATION_PREFERS_STRING_CATALOGS = YES;
				MTL_ENABLE_DEBUG_INFO = NO;
				MTL_FAST_MATH = YES;
				SDKROOT = iphoneos;
				SWIFT_COMPILATION_MODE = wholemodule;
				VALIDATE_PRODUCT = YES;
			};
			name = Release;
		};
		200F373E2DCF98FB009290F6 /* Debug */ = {
			isa = XCBuildConfiguration;
			buildSettings = {
				BUNDLE_LOADER = "$(TEST_HOST)";
				CODE_SIGN_STYLE = Automatic;
				CURRENT_PROJECT_VERSION = 1;
				GENERATE_INFOPLIST_FILE = YES;
				IPHONEOS_DEPLOYMENT_TARGET = 18.2;
				MARKETING_VERSION = 1.0;
				PRODUCT_BUNDLE_IDENTIFIER = ru.hodzhakhov.BankAppTests;
				PRODUCT_NAME = "$(TARGET_NAME)";
				SWIFT_EMIT_LOC_STRINGS = NO;
				SWIFT_VERSION = 5.0;
				TARGETED_DEVICE_FAMILY = "1,2";
				TEST_HOST = "$(BUILT_PRODUCTS_DIR)/BankApp.app/$(BUNDLE_EXECUTABLE_FOLDER_PATH)/BankApp";
			};
			name = Debug;
		};
		200F373F2DCF98FB009290F6 /* Release */ = {
			isa = XCBuildConfiguration;
			buildSettings = {
				BUNDLE_LOADER = "$(TEST_HOST)";
				CODE_SIGN_STYLE = Automatic;
				CURRENT_PROJECT_VERSION = 1;
				GENERATE_INFOPLIST_FILE = YES;
				IPHONEOS_DEPLOYMENT_TARGET = 18.2;
				MARKETING_VERSION = 1.0;
				PRODUCT_BUNDLE_IDENTIFIER = ru.hodzhakhov.BankAppTests;
				PRODUCT_NAME = "$(TARGET_NAME)";
				SWIFT_EMIT_LOC_STRINGS = NO;
				SWIFT_VERSION = 5.0;
				TARGETED_DEVICE_FAMILY = "1,2";
				TEST_HOST = "$(BUILT_PRODUCTS_DIR)/BankApp.app/$(BUNDLE_EXECUTABLE_FOLDER_PATH)/BankApp";
			};
			name = Release;
		};
		200F37412DCF98FB009290F6 /* Debug */ = {
			isa = XCBuildConfiguration;
			buildSettings = {
				CODE_SIGN_STYLE = Automatic;
				CURRENT_PROJECT_VERSION = 1;
				GENERATE_INFOPLIST_FILE = YES;
				MARKETING_VERSION = 1.0;
				PRODUCT_BUNDLE_IDENTIFIER = ru.hodzhakhov.BankAppUITests;
				PRODUCT_NAME = "$(TARGET_NAME)";
				SWIFT_EMIT_LOC_STRINGS = NO;
				SWIFT_VERSION = 5.0;
				TARGETED_DEVICE_FAMILY = "1,2";
				TEST_TARGET_NAME = BankApp;
			};
			name = Debug;
		};
		200F37422DCF98FB009290F6 /* Release */ = {
			isa = XCBuildConfiguration;
			buildSettings = {
				CODE_SIGN_STYLE = Automatic;
				CURRENT_PROJECT_VERSION = 1;
				GENERATE_INFOPLIST_FILE = YES;
				MARKETING_VERSION = 1.0;
				PRODUCT_BUNDLE_IDENTIFIER = ru.hodzhakhov.BankAppUITests;
				PRODUCT_NAME = "$(TARGET_NAME)";
				SWIFT_EMIT_LOC_STRINGS = NO;
				SWIFT_VERSION = 5.0;
				TARGETED_DEVICE_FAMILY = "1,2";
				TEST_TARGET_NAME = BankApp;
			};
			name = Release;
		};
/* End XCBuildConfiguration section */

/* Begin XCConfigurationList section */
		200F370A2DCF98FA009290F6 /* Build configuration list for PBXProject "BankApp" */ = {
			isa = XCConfigurationList;
			buildConfigurations = (
				200F373B2DCF98FB009290F6 /* Debug */,
				200F373C2DCF98FB009290F6 /* Release */,
			);
			defaultConfigurationIsVisible = 0;
			defaultConfigurationName = Release;
		};
		200F37382DCF98FB009290F6 /* Build configuration list for PBXNativeTarget "BankApp" */ = {
			isa = XCConfigurationList;
			buildConfigurations = (
				200F37392DCF98FB009290F6 /* Debug */,
				200F373A2DCF98FB009290F6 /* Release */,
			);
			defaultConfigurationIsVisible = 0;
			defaultConfigurationName = Release;
		};
		200F373D2DCF98FB009290F6 /* Build configuration list for PBXNativeTarget "BankAppTests" */ = {
			isa = XCConfigurationList;
			buildConfigurations = (
				200F373E2DCF98FB009290F6 /* Debug */,
				200F373F2DCF98FB009290F6 /* Release */,
			);
			defaultConfigurationIsVisible = 0;
			defaultConfigurationName = Release;
		};
		200F37402DCF98FB009290F6 /* Build configuration list for PBXNativeTarget "BankAppUITests" */ = {
			isa = XCConfigurationList;
			buildConfigurations = (
				200F37412DCF98FB009290F6 /* Debug */,
				200F37422DCF98FB009290F6 /* Release */,
			);
			defaultConfigurationIsVisible = 0;
			defaultConfigurationName = Release;
		};
/* End XCConfigurationList section */
	};
	rootObject = 200F37072DCF98FA009290F6 /* Project object */;
}
